
Microsoft Visual Studio Solution File, Format Version 12.00
# Visual Studio Version 17
VisualStudioVersion = 17.4.33122.133
MinimumVisualStudioVersion = 10.0.40219.1
Project("{FAE04EC0-301F-11D3-BF4B-00C04F79EFBC}") = "c_TPsBases", "c_TPsBases.csproj", "{49637B4B-5ACE-419F-8F84-D1B0D3BB5AF0}"
EndProject
Global
	GlobalSection(SolutionConfigurationPlatforms) = preSolution
		Debug|Any CPU = Debug|Any CPU
		Release|Any CPU = Release|Any CPU
	EndGlobalSection
	GlobalSection(ProjectConfigurationPlatforms) = postSolution
		{49637B4B-5ACE-419F-8F84-D1B0D3BB5AF0}.Debug|Any CPU.ActiveCfg = Debug|Any CPU
		{49637B4B-5ACE-419F-8F84-D1B0D3BB5AF0}.Debug|Any CPU.Build.0 = Debug|Any CPU
		{49637B4B-5ACE-419F-8F84-D1B0D3BB5AF0}.Release|Any CPU.ActiveCfg = Release|Any CPU
		{49637B4B-5ACE-419F-8F84-D1B0D3BB5AF0}.Release|Any CPU.Build.0 = Release|Any CPU
	EndGlobalSection
	GlobalSection(SolutionProperties) = preSolution
		HideSolutionNode = FALSE
	EndGlobalSection
	GlobalSection(ExtensibilityGlobals) = postSolution
		SolutionGuid = {894B1D5E-E877-4C8F-8FD9-615991241B4D}
	EndGlobalSection
EndGlobal
